{
  "name": "svelte-minimalist",
  "version": "0.0.1",
  "lockfileVersion": 1,
  "requires": true,
  "dependencies": {
    "@fontsource/fira-mono": {
      "version": "4.5.0",
      "resolved": "https://na.artifactory.swg-devops.com/artifactory/api/npm/kyn-cio-sms-sets-newco-team-npm-virtual/@fontsource/fira-mono/-/fira-mono-4.5.0.tgz?dl=https%3A%2F%2Fregistry.npmjs.org%2F%40fontsource%2Ffira-mono%2F-%2Ffira-mono-4.5.0.tgz",
      "integrity": "sha1-vql6VLYNwmnRx4RpsAeDWvRN+n8="
    },
    "@iarna/toml": {
      "version": "2.2.5",
      "resolved": "https://na.artifactory.swg-devops.com/artifactory/api/npm/kyn-cio-sms-sets-newco-team-npm-virtual/@iarna/toml/-/toml-2.2.5.tgz?dl=https%3A%2F%2Fregistry.npmjs.org%2F%40iarna%2Ftoml%2F-%2Ftoml-2.2.5.tgz",
      "integrity": "sha1-syNmyJtDxvjO+976x3i5yCjjuow=",
      "dev": true
    },
    "@lukeed/csprng": {
      "version": "1.0.1",
      "resolved": "https://na.artifactory.swg-devops.com/artifactory/api/npm/kyn-cio-sms-sets-newco-team-npm-virtual/@lukeed/csprng/-/csprng-1.0.1.tgz?dl=https%3A%2F%2Fregistry.npmjs.org%2F%40lukeed%2Fcsprng%2F-%2Fcsprng-1.0.1.tgz",
      "integrity": "sha1-Yl6ToO2yyDDjxSzi1nudUzd8amY="
    },
    "@lukeed/uuid": {
      "version": "2.0.0",
      "resolved": "https://na.artifactory.swg-devops.com/artifactory/api/npm/kyn-cio-sms-sets-newco-team-npm-virtual/@lukeed/uuid/-/uuid-2.0.0.tgz?dl=https%3A%2F%2Fregistry.npmjs.org%2F%40lukeed%2Fuuid%2F-%2Fuuid-2.0.0.tgz",
      "integrity": "sha1-HA8zwHHLaQK8O55HV4KtpzFO+b0=",
      "requires": {
        "@lukeed/csprng": "^1.0.0"
      }
    },
    "@rollup/pluginutils": {
      "version": "4.1.2",
      "resolved": "https://na.artifactory.swg-devops.com/artifactory/api/npm/kyn-cio-sms-sets-newco-team-npm-virtual/@rollup/pluginutils/-/pluginutils-4.1.2.tgz?dl=https%3A%2F%2Fregistry.npmjs.org%2F%40rollup%2Fpluginutils%2F-%2Fpluginutils-4.1.2.tgz",
      "integrity": "sha1-7VghwV5eBeMoFvX7nsYHzfWnV1E=",
      "dev": true,
      "requires": {
        "estree-walker": "^2.0.1",
        "picomatch": "^2.2.2"
      }
    },
    "@sveltejs/adapter-auto": {
      "version": "1.0.0-next.4",
      "resolved": "https://na.artifactory.swg-devops.com/artifactory/api/npm/kyn-cio-sms-sets-newco-team-npm-virtual/@sveltejs/adapter-auto/-/adapter-auto-1.0.0-next.4.tgz?dl=https%3A%2F%2Fregistry.npmjs.org%2F%40sveltejs%2Fadapter-auto%2F-%2Fadapter-auto-1.0.0-next.4.tgz",
      "integrity": "sha1-yHoF8RDPIwYpUyaUI76PeAnYTaE=",
      "dev": true,
      "requires": {
        "@sveltejs/adapter-cloudflare": "1.0.0-next.3",
        "@sveltejs/adapter-netlify": "1.0.0-next.36",
        "@sveltejs/adapter-vercel": "1.0.0-next.32"
      }
    },
    "@sveltejs/adapter-cloudflare": {
      "version": "1.0.0-next.3",
      "resolved": "https://na.artifactory.swg-devops.com/artifactory/api/npm/kyn-cio-sms-sets-newco-team-npm-virtual/@sveltejs/adapter-cloudflare/-/adapter-cloudflare-1.0.0-next.3.tgz?dl=https%3A%2F%2Fregistry.npmjs.org%2F%40sveltejs%2Fadapter-cloudflare%2F-%2Fadapter-cloudflare-1.0.0-next.3.tgz",
      "integrity": "sha1-LInrm6ukDhzmPoVBJXHL1OPe0PQ=",
      "dev": true,
      "requires": {
        "esbuild": "^0.13.15"
      }
    },
    "@sveltejs/adapter-netlify": {
      "version": "1.0.0-next.36",
      "resolved": "https://na.artifactory.swg-devops.com/artifactory/api/npm/kyn-cio-sms-sets-newco-team-npm-virtual/@sveltejs/adapter-netlify/-/adapter-netlify-1.0.0-next.36.tgz?dl=https%3A%2F%2Fregistry.npmjs.org%2F%40sveltejs%2Fadapter-netlify%2F-%2Fadapter-netlify-1.0.0-next.36.tgz",
      "integrity": "sha1-oQN/Z5QPzlnEmqZIVIQ9Qo9VxJw=",
      "dev": true,
      "requires": {
        "@iarna/toml": "^2.2.5",
        "esbuild": "^0.13.15"
      }
    },
    "@sveltejs/adapter-vercel": {
      "version": "1.0.0-next.32",
      "resolved": "https://na.artifactory.swg-devops.com/artifactory/api/npm/kyn-cio-sms-sets-newco-team-npm-virtual/@sveltejs/adapter-vercel/-/adapter-vercel-1.0.0-next.32.tgz?dl=https%3A%2F%2Fregistry.npmjs.org%2F%40sveltejs%2Fadapter-vercel%2F-%2Fadapter-vercel-1.0.0-next.32.tgz",
      "integrity": "sha1-kKjBB4pHeoHRbP0O+yfl3y3JAYk=",
      "dev": true,
      "requires": {
        "esbuild": "^0.13.15"
      }
    },
    "@sveltejs/kit": {
      "version": "1.0.0-next.202",
      "resolved": "https://na.artifactory.swg-devops.com/artifactory/api/npm/kyn-cio-sms-sets-newco-team-npm-virtual/@sveltejs/kit/-/kit-1.0.0-next.202.tgz?dl=https%3A%2F%2Fregistry.npmjs.org%2F%40sveltejs%2Fkit%2F-%2Fkit-1.0.0-next.202.tgz",
      "integrity": "sha1-dDi8GyDBrN1hFYjDwcFHCVmyolE=",
      "dev": true,
      "requires": {
        "@sveltejs/vite-plugin-svelte": "^1.0.0-next.30",
        "cheap-watch": "^1.0.4",
        "sade": "^1.7.4",
        "vite": "^2.7.2"
      }
    },
    "@sveltejs/vite-plugin-svelte": {
      "version": "1.0.0-next.32",
      "resolved": "https://na.artifactory.swg-devops.com/artifactory/api/npm/kyn-cio-sms-sets-newco-team-npm-virtual/@sveltejs/vite-plugin-svelte/-/vite-plugin-svelte-1.0.0-next.32.tgz?dl=https%3A%2F%2Fregistry.npmjs.org%2F%40sveltejs%2Fvite-plugin-svelte%2F-%2Fvite-plugin-svelte-1.0.0-next.32.tgz",
      "integrity": "sha1-uvyxXfp4MlZtrCuKZ6xrA+K+XvY=",
      "dev": true,
      "requires": {
        "@rollup/pluginutils": "^4.1.1",
        "debug": "^4.3.3",
        "kleur": "^4.1.4",
        "magic-string": "^0.25.7",
        "require-relative": "^0.8.7",
        "svelte-hmr": "^0.14.7"
      }
    },
    "cheap-watch": {
      "version": "1.0.4",
      "resolved": "https://na.artifactory.swg-devops.com/artifactory/api/npm/kyn-cio-sms-sets-newco-team-npm-virtual/cheap-watch/-/cheap-watch-1.0.4.tgz?dl=https%3A%2F%2Fregistry.npmjs.org%2Fcheap-watch%2F-%2Fcheap-watch-1.0.4.tgz",
      "integrity": "sha1-C8tKOo+9nVMnk2ST9rVrqmaNj+8=",
      "dev": true
    },
    "cookie": {
      "version": "0.4.1",
      "resolved": "https://na.artifactory.swg-devops.com/artifactory/api/npm/kyn-cio-sms-sets-newco-team-npm-virtual/cookie/-/cookie-0.4.1.tgz?dl=https%3A%2F%2Fregistry.npmjs.org%2Fcookie%2F-%2Fcookie-0.4.1.tgz",
      "integrity": "sha1-r9cT/ibr0hupXOth+agRblClN9E="
    },
    "debug": {
      "version": "4.3.3",
      "resolved": "https://na.artifactory.swg-devops.com/artifactory/api/npm/kyn-cio-sms-sets-newco-team-npm-virtual/debug/-/debug-4.3.3.tgz?dl=https%3A%2F%2Fregistry.npmjs.org%2Fdebug%2F-%2Fdebug-4.3.3.tgz",
      "integrity": "sha1-BCZuC3CpjURi5uKI44JZITMytmQ=",
      "dev": true,
      "requires": {
        "ms": "2.1.2"
      }
    },
    "esbuild": {
      "version": "0.13.15",
      "resolved": "https://na.artifactory.swg-devops.com/artifactory/api/npm/kyn-cio-sms-sets-newco-team-npm-virtual/esbuild/-/esbuild-0.13.15.tgz?dl=https%3A%2F%2Fregistry.npmjs.org%2Fesbuild%2F-%2Fesbuild-0.13.15.tgz",
      "integrity": "sha1-21aogWbuNz+H27LYeY/0SeBFDN8=",
      "dev": true,
      "requires": {
        "esbuild-android-arm64": "0.13.15",
        "esbuild-darwin-64": "0.13.15",
        "esbuild-darwin-arm64": "0.13.15",
        "esbuild-freebsd-64": "0.13.15",
        "esbuild-freebsd-arm64": "0.13.15",
        "esbuild-linux-32": "0.13.15",
        "esbuild-linux-64": "0.13.15",
        "esbuild-linux-arm": "0.13.15",
        "esbuild-linux-arm64": "0.13.15",
        "esbuild-linux-mips64le": "0.13.15",
        "esbuild-linux-ppc64le": "0.13.15",
        "esbuild-netbsd-64": "0.13.15",
        "esbuild-openbsd-64": "0.13.15",
        "esbuild-sunos-64": "0.13.15",
        "esbuild-windows-32": "0.13.15",
        "esbuild-windows-64": "0.13.15",
        "esbuild-windows-arm64": "0.13.15"
      }
    },
    "esbuild-android-arm64": {
      "version": "0.13.15",
      "resolved": "https://na.artifactory.swg-devops.com/artifactory/api/npm/kyn-cio-sms-sets-newco-team-npm-virtual/esbuild-android-arm64/-/esbuild-android-arm64-0.13.15.tgz?dl=https%3A%2F%2Fregistry.npmjs.org%2Fesbuild-android-arm64%2F-%2Fesbuild-android-arm64-0.13.15.tgz",
      "integrity": "sha1-P8P/C6t2/jXdI3R2tdKzK7IKPUQ=",
      "dev": true,
      "optional": true
    },
    "esbuild-darwin-64": {
      "version": "0.13.15",
      "resolved": "https://na.artifactory.swg-devops.com/artifactory/api/npm/kyn-cio-sms-sets-newco-team-npm-virtual/esbuild-darwin-64/-/esbuild-darwin-64-0.13.15.tgz?dl=https%3A%2F%2Fregistry.npmjs.org%2Fesbuild-darwin-64%2F-%2Fesbuild-darwin-64-0.13.15.tgz",
      "integrity": "sha1-jpFpwWuvRE6s7GDQmyTRGyVajnI=",
      "dev": true,
      "optional": true
    },
    "esbuild-darwin-arm64": {
      "version": "0.13.15",
      "resolved": "https://na.artifactory.swg-devops.com/artifactory/api/npm/kyn-cio-sms-sets-newco-team-npm-virtual/esbuild-darwin-arm64/-/esbuild-darwin-arm64-0.13.15.tgz?dl=https%3A%2F%2Fregistry.npmjs.org%2Fesbuild-darwin-arm64%2F-%2Fesbuild-darwin-arm64-0.13.15.tgz",
      "integrity": "sha1-Gwf4k7YyEU+AXhiN38pBsrd4Ipo=",
      "dev": true,
      "optional": true
    },
    "esbuild-freebsd-64": {
      "version": "0.13.15",
      "resolved": "https://na.artifactory.swg-devops.com/artifactory/api/npm/kyn-cio-sms-sets-newco-team-npm-virtual/esbuild-freebsd-64/-/esbuild-freebsd-64-0.13.15.tgz?dl=https%3A%2F%2Fregistry.npmjs.org%2Fesbuild-freebsd-64%2F-%2Fesbuild-freebsd-64-0.13.15.tgz",
      "integrity": "sha1-C4t+yhaQyOyUx1aAw4wHJpwfSoU=",
      "dev": true,
      "optional": true
    },
    "esbuild-freebsd-arm64": {
      "version": "0.13.15",
      "resolved": "https://na.artifactory.swg-devops.com/artifactory/api/npm/kyn-cio-sms-sets-newco-team-npm-virtual/esbuild-freebsd-arm64/-/esbuild-freebsd-arm64-0.13.15.tgz?dl=https%3A%2F%2Fregistry.npmjs.org%2Fesbuild-freebsd-arm64%2F-%2Fesbuild-freebsd-arm64-0.13.15.tgz",
      "integrity": "sha1-LhpsaWv9zSCplXi3Y1C0HbGTTlI=",
      "dev": true,
      "optional": true
    },
    "esbuild-linux-32": {
      "version": "0.13.15",
      "resolved": "https://na.artifactory.swg-devops.com/artifactory/api/npm/kyn-cio-sms-sets-newco-team-npm-virtual/esbuild-linux-32/-/esbuild-linux-32-0.13.15.tgz?dl=https%3A%2F%2Fregistry.npmjs.org%2Fesbuild-linux-32%2F-%2Fesbuild-linux-32-0.13.15.tgz",
      "integrity": "sha1-b9OfNvxm3UW2tfUVcox7vrw0Kmk=",
      "dev": true,
      "optional": true
    },
    "esbuild-linux-64": {
      "version": "0.13.15",
      "resolved": "https://na.artifactory.swg-devops.com/artifactory/api/npm/kyn-cio-sms-sets-newco-team-npm-virtual/esbuild-linux-64/-/esbuild-linux-64-0.13.15.tgz?dl=https%3A%2F%2Fregistry.npmjs.org%2Fesbuild-linux-64%2F-%2Fesbuild-linux-64-0.13.15.tgz",
      "integrity": "sha1-nLjkvNdXTmeUbk7l8fHhI4a7bdM=",
      "dev": true,
      "optional": true
    },
    "esbuild-linux-arm": {
      "version": "0.13.15",
      "resolved": "https://na.artifactory.swg-devops.com/artifactory/api/npm/kyn-cio-sms-sets-newco-team-npm-virtual/esbuild-linux-arm/-/esbuild-linux-arm-0.13.15.tgz?dl=https%3A%2F%2Fregistry.npmjs.org%2Fesbuild-linux-arm%2F-%2Fesbuild-linux-arm-0.13.15.tgz",
      "integrity": "sha1-igDpnmoMbJprfzNIQTZNiitK7P4=",
      "dev": true,
      "optional": true
    },
    "esbuild-linux-arm64": {
      "version": "0.13.15",
      "resolved": "https://na.artifactory.swg-devops.com/artifactory/api/npm/kyn-cio-sms-sets-newco-team-npm-virtual/esbuild-linux-arm64/-/esbuild-linux-arm64-0.13.15.tgz?dl=https%3A%2F%2Fregistry.npmjs.org%2Fesbuild-linux-arm64%2F-%2Fesbuild-linux-arm64-0.13.15.tgz",
      "integrity": "sha1-OJGqNwTsV5obktKlhhIuW2or+6E=",
      "dev": true,
      "optional": true
    },
    "esbuild-linux-mips64le": {
      "version": "0.13.15",
      "resolved": "https://na.artifactory.swg-devops.com/artifactory/api/npm/kyn-cio-sms-sets-newco-team-npm-virtual/esbuild-linux-mips64le/-/esbuild-linux-mips64le-0.13.15.tgz?dl=https%3A%2F%2Fregistry.npmjs.org%2Fesbuild-linux-mips64le%2F-%2Fesbuild-linux-mips64le-0.13.15.tgz",
      "integrity": "sha1-NrB8xHw9IeSNs7sfTZ749Grq1Pc=",
      "dev": true,
      "optional": true
    },
    "esbuild-linux-ppc64le": {
      "version": "0.13.15",
      "resolved": "https://na.artifactory.swg-devops.com/artifactory/api/npm/kyn-cio-sms-sets-newco-team-npm-virtual/esbuild-linux-ppc64le/-/esbuild-linux-ppc64le-0.13.15.tgz?dl=https%3A%2F%2Fregistry.npmjs.org%2Fesbuild-linux-ppc64le%2F-%2Fesbuild-linux-ppc64le-0.13.15.tgz",
      "integrity": "sha1-9+a7pAuaEeudyuWwFVDqBGcO2tI=",
      "dev": true,
      "optional": true
    },
    "esbuild-netbsd-64": {
      "version": "0.13.15",
      "resolved": "https://na.artifactory.swg-devops.com/artifactory/api/npm/kyn-cio-sms-sets-newco-team-npm-virtual/esbuild-netbsd-64/-/esbuild-netbsd-64-0.13.15.tgz?dl=https%3A%2F%2Fregistry.npmjs.org%2Fesbuild-netbsd-64%2F-%2Fesbuild-netbsd-64-0.13.15.tgz",
      "integrity": "sha1-ov7cVJwrYp1YCnMthAcSsI1EADg=",
      "dev": true,
      "optional": true
    },
    "esbuild-openbsd-64": {
      "version": "0.13.15",
      "resolved": "https://na.artifactory.swg-devops.com/artifactory/api/npm/kyn-cio-sms-sets-newco-team-npm-virtual/esbuild-openbsd-64/-/esbuild-openbsd-64-0.13.15.tgz?dl=https%3A%2F%2Fregistry.npmjs.org%2Fesbuild-openbsd-64%2F-%2Fesbuild-openbsd-64-0.13.15.tgz",
      "integrity": "sha1-siwOWAbTofvwMlhyA3+IUwawXNc=",
      "dev": true,
      "optional": true
    },
    "esbuild-sunos-64": {
      "version": "0.13.15",
      "resolved": "https://na.artifactory.swg-devops.com/artifactory/api/npm/kyn-cio-sms-sets-newco-team-npm-virtual/esbuild-sunos-64/-/esbuild-sunos-64-0.13.15.tgz?dl=https%3A%2F%2Fregistry.npmjs.org%2Fesbuild-sunos-64%2F-%2Fesbuild-sunos-64-0.13.15.tgz",
      "integrity": "sha1-0LZFSog3XujTlk2u/1XIXJHHzvQ=",
      "dev": true,
      "optional": true
    },
    "esbuild-windows-32": {
      "version": "0.13.15",
      "resolved": "https://na.artifactory.swg-devops.com/artifactory/api/npm/kyn-cio-sms-sets-newco-team-npm-virtual/esbuild-windows-32/-/esbuild-windows-32-0.13.15.tgz?dl=https%3A%2F%2Fregistry.npmjs.org%2Fesbuild-windows-32%2F-%2Fesbuild-windows-32-0.13.15.tgz",
      "integrity": "sha1-yW0Lm7tS8zAzIlgu+OSEfFrTdac=",
      "dev": true,
      "optional": true
    },
    "esbuild-windows-64": {
      "version": "0.13.15",
      "resolved": "https://na.artifactory.swg-devops.com/artifactory/api/npm/kyn-cio-sms-sets-newco-team-npm-virtual/esbuild-windows-64/-/esbuild-windows-64-0.13.15.tgz?dl=https%3A%2F%2Fregistry.npmjs.org%2Fesbuild-windows-64%2F-%2Fesbuild-windows-64-0.13.15.tgz",
      "integrity": "sha1-H3nLmx4bsC+yXNQUy5DU6iiSwpQ=",
      "dev": true,
      "optional": true
    },
    "esbuild-windows-arm64": {
      "version": "0.13.15",
      "resolved": "https://na.artifactory.swg-devops.com/artifactory/api/npm/kyn-cio-sms-sets-newco-team-npm-virtual/esbuild-windows-arm64/-/esbuild-windows-arm64-0.13.15.tgz?dl=https%3A%2F%2Fregistry.npmjs.org%2Fesbuild-windows-arm64%2F-%2Fesbuild-windows-arm64-0.13.15.tgz",
      "integrity": "sha1-SCFzBwgQ3yKnUsaGUJw3DDvjs8M=",
      "dev": true,
      "optional": true
    },
    "estree-walker": {
      "version": "2.0.2",
      "resolved": "https://na.artifactory.swg-devops.com/artifactory/api/npm/kyn-cio-sms-sets-newco-team-npm-virtual/estree-walker/-/estree-walker-2.0.2.tgz?dl=https%3A%2F%2Fregistry.npmjs.org%2Festree-walker%2F-%2Festree-walker-2.0.2.tgz",
      "integrity": "sha1-UvAQF4wqTBF6d1fP6UKtt9LaTKw=",
      "dev": true
    },
    "fsevents": {
      "version": "2.3.2",
      "resolved": "https://na.artifactory.swg-devops.com/artifactory/api/npm/kyn-cio-sms-sets-newco-team-npm-virtual/fsevents/-/fsevents-2.3.2.tgz?dl=https%3A%2F%2Fregistry.npmjs.org%2Ffsevents%2F-%2Ffsevents-2.3.2.tgz",
      "integrity": "sha1-ilJveLj99GI7cJ4Ll1xSwkwC/Ro=",
      "dev": true,
      "optional": true
    },
    "function-bind": {
      "version": "1.1.1",
      "resolved": "https://na.artifactory.swg-devops.com/artifactory/api/npm/kyn-cio-sms-sets-newco-team-npm-virtual/function-bind/-/function-bind-1.1.1.tgz?dl=https%3A%2F%2Fregistry.npmjs.org%2Ffunction-bind%2F-%2Ffunction-bind-1.1.1.tgz",
      "integrity": "sha1-pWiZ0+o8m6uHS7l3O3xe3pL0iV0=",
      "dev": true
    },
    "has": {
      "version": "1.0.3",
      "resolved": "https://na.artifactory.swg-devops.com/artifactory/api/npm/kyn-cio-sms-sets-newco-team-npm-virtual/has/-/has-1.0.3.tgz?dl=https%3A%2F%2Fregistry.npmjs.org%2Fhas%2F-%2Fhas-1.0.3.tgz",
      "integrity": "sha1-ci18v8H2qoJB8W3YFOAR4fQeh5Y=",
      "dev": true,
      "requires": {
        "function-bind": "^1.1.1"
      }
    },
    "is-core-module": {
      "version": "2.8.0",
      "resolved": "https://na.artifactory.swg-devops.com/artifactory/api/npm/kyn-cio-sms-sets-newco-team-npm-virtual/is-core-module/-/is-core-module-2.8.0.tgz?dl=https%3A%2F%2Fregistry.npmjs.org%2Fis-core-module%2F-%2Fis-core-module-2.8.0.tgz",
      "integrity": "sha1-AyEzbD0JJeSX/Zf12VyxFKXM1Ug=",
      "dev": true,
      "requires": {
        "has": "^1.0.3"
      }
    },
    "kleur": {
      "version": "4.1.4",
      "resolved": "https://na.artifactory.swg-devops.com/artifactory/api/npm/kyn-cio-sms-sets-newco-team-npm-virtual/kleur/-/kleur-4.1.4.tgz?dl=https%3A%2F%2Fregistry.npmjs.org%2Fkleur%2F-%2Fkleur-4.1.4.tgz",
      "integrity": "sha1-jCAph9fld3ZtA5qM1GGTTAHNoE0=",
      "dev": true
    },
    "magic-string": {
      "version": "0.25.7",
      "resolved": "https://na.artifactory.swg-devops.com/artifactory/api/npm/kyn-cio-sms-sets-newco-team-npm-virtual/magic-string/-/magic-string-0.25.7.tgz?dl=https%3A%2F%2Fregistry.npmjs.org%2Fmagic-string%2F-%2Fmagic-string-0.25.7.tgz",
      "integrity": "sha1-P0l9b9NMZpxnmNy4IfLvMfVEUFE=",
      "dev": true,
      "requires": {
        "sourcemap-codec": "^1.4.4"
      }
    },
    "mri": {
      "version": "1.2.0",
      "resolved": "https://na.artifactory.swg-devops.com/artifactory/api/npm/kyn-cio-sms-sets-newco-team-npm-virtual/mri/-/mri-1.2.0.tgz?dl=https%3A%2F%2Fregistry.npmjs.org%2Fmri%2F-%2Fmri-1.2.0.tgz",
      "integrity": "sha1-ZyFID+wqEaSImGERWki2y+fMjws=",
      "dev": true
    },
    "ms": {
      "version": "2.1.2",
      "resolved": "https://na.artifactory.swg-devops.com/artifactory/api/npm/kyn-cio-sms-sets-newco-team-npm-virtual/ms/-/ms-2.1.2.tgz?dl=https%3A%2F%2Fregistry.npmjs.org%2Fms%2F-%2Fms-2.1.2.tgz",
      "integrity": "sha1-0J0fNXtEP0kzgqjrPM0YOHKuYAk=",
      "dev": true
    },
    "nanoid": {
      "version": "3.1.30",
      "resolved": "https://na.artifactory.swg-devops.com/artifactory/api/npm/kyn-cio-sms-sets-newco-team-npm-virtual/nanoid/-/nanoid-3.1.30.tgz?dl=https%3A%2F%2Fregistry.npmjs.org%2Fnanoid%2F-%2Fnanoid-3.1.30.tgz",
      "integrity": "sha1-Y/k8xUjSoRPcXfvGO/oJ4rm2Q2I=",
      "dev": true
    },
    "path-parse": {
      "version": "1.0.7",
      "resolved": "https://na.artifactory.swg-devops.com/artifactory/api/npm/kyn-cio-sms-sets-newco-team-npm-virtual/path-parse/-/path-parse-1.0.7.tgz?dl=https%3A%2F%2Fregistry.npmjs.org%2Fpath-parse%2F-%2Fpath-parse-1.0.7.tgz",
      "integrity": "sha1-+8EUtgykKzDZ2vWFjkvWi77bZzU=",
      "dev": true
    },
    "picocolors": {
      "version": "1.0.0",
      "resolved": "https://na.artifactory.swg-devops.com/artifactory/api/npm/kyn-cio-sms-sets-newco-team-npm-virtual/picocolors/-/picocolors-1.0.0.tgz?dl=https%3A%2F%2Fregistry.npmjs.org%2Fpicocolors%2F-%2Fpicocolors-1.0.0.tgz",
      "integrity": "sha1-y1vcdP8/UYkiNur3nWi8RFZKuBw=",
      "dev": true
    },
    "picomatch": {
      "version": "2.3.0",
      "resolved": "https://na.artifactory.swg-devops.com/artifactory/api/npm/kyn-cio-sms-sets-newco-team-npm-virtual/picomatch/-/picomatch-2.3.0.tgz?dl=https%3A%2F%2Fregistry.npmjs.org%2Fpicomatch%2F-%2Fpicomatch-2.3.0.tgz",
      "integrity": "sha1-8fBh3o9qS/AiiS4tEoI0+5gwKXI=",
      "dev": true
    },
    "postcss": {
      "version": "8.4.5",
      "resolved": "https://na.artifactory.swg-devops.com/artifactory/api/npm/kyn-cio-sms-sets-newco-team-npm-virtual/postcss/-/postcss-8.4.5.tgz?dl=https%3A%2F%2Fregistry.npmjs.org%2Fpostcss%2F-%2Fpostcss-8.4.5.tgz",
      "integrity": "sha1-uuZldk39TG/MJNwP3356oAzHf5U=",
      "dev": true,
      "requires": {
        "nanoid": "^3.1.30",
        "picocolors": "^1.0.0",
        "source-map-js": "^1.0.1"
      }
    },
    "require-relative": {
      "version": "0.8.7",
      "resolved": "https://na.artifactory.swg-devops.com/artifactory/api/npm/kyn-cio-sms-sets-newco-team-npm-virtual/require-relative/-/require-relative-0.8.7.tgz?dl=https%3A%2F%2Fregistry.npmjs.org%2Frequire-relative%2F-%2Frequire-relative-0.8.7.tgz",
      "integrity": "sha1-eZlTn8ngR6N5KPoZb44VY9q9Nt4=",
      "dev": true
    },
    "resolve": {
      "version": "1.20.0",
      "resolved": "https://na.artifactory.swg-devops.com/artifactory/api/npm/kyn-cio-sms-sets-newco-team-npm-virtual/resolve/-/resolve-1.20.0.tgz?dl=https%3A%2F%2Fregistry.npmjs.org%2Fresolve%2F-%2Fresolve-1.20.0.tgz",
      "integrity": "sha1-YpoBP7P3B1XW8LeTXMHCxTeLGXU=",
      "dev": true,
      "requires": {
        "is-core-module": "^2.2.0",
        "path-parse": "^1.0.6"
      }
    },
    "rollup": {
      "version": "2.61.1",
      "resolved": "https://na.artifactory.swg-devops.com/artifactory/api/npm/kyn-cio-sms-sets-newco-team-npm-virtual/rollup/-/rollup-2.61.1.tgz?dl=https%3A%2F%2Fregistry.npmjs.org%2Frollup%2F-%2Frollup-2.61.1.tgz",
      "integrity": "sha1-GlSR+EVDz55Mr2xhIi2aP48rpFQ=",
      "dev": true,
      "requires": {
        "fsevents": "~2.3.2"
      }
    },
    "sade": {
      "version": "1.7.4",
      "resolved": "https://na.artifactory.swg-devops.com/artifactory/api/npm/kyn-cio-sms-sets-newco-team-npm-virtual/sade/-/sade-1.7.4.tgz?dl=https%3A%2F%2Fregistry.npmjs.org%2Fsade%2F-%2Fsade-1.7.4.tgz",
      "integrity": "sha1-6mgeDGXSSNIJXJBXjAPKC7G1RpE=",
      "dev": true,
      "requires": {
        "mri": "^1.1.0"
      }
    },
    "source-map-js": {
      "version": "1.0.1",
      "resolved": "https://na.artifactory.swg-devops.com/artifactory/api/npm/kyn-cio-sms-sets-newco-team-npm-virtual/source-map-js/-/source-map-js-1.0.1.tgz?dl=https%3A%2F%2Fregistry.npmjs.org%2Fsource-map-js%2F-%2Fsource-map-js-1.0.1.tgz",
      "integrity": "sha1-oXQcEx48d9BIJSrfok4juQhnDK8=",
      "dev": true
    },
    "sourcemap-codec": {
      "version": "1.4.8",
      "resolved": "https://na.artifactory.swg-devops.com/artifactory/api/npm/kyn-cio-sms-sets-newco-team-npm-virtual/sourcemap-codec/-/sourcemap-codec-1.4.8.tgz?dl=https%3A%2F%2Fregistry.npmjs.org%2Fsourcemap-codec%2F-%2Fsourcemap-codec-1.4.8.tgz",
      "integrity": "sha1-6oBL2UhXQC5pktBaOO8a41qatMQ=",
      "dev": true
    },
    "svelte": {
      "version": "3.44.3",
      "resolved": "https://na.artifactory.swg-devops.com/artifactory/api/npm/kyn-cio-sms-sets-newco-team-npm-virtual/svelte/-/svelte-3.44.3.tgz?dl=https%3A%2F%2Fregistry.npmjs.org%2Fsvelte%2F-%2Fsvelte-3.44.3.tgz",
      "integrity": "sha1-eVsc7W7T2kSWkJnlBhuFDJPJXpo=",
      "dev": true
    },
    "svelte-hmr": {
      "version": "0.14.7",
      "resolved": "https://na.artifactory.swg-devops.com/artifactory/api/npm/kyn-cio-sms-sets-newco-team-npm-virtual/svelte-hmr/-/svelte-hmr-0.14.7.tgz?dl=https%3A%2F%2Fregistry.npmjs.org%2Fsvelte-hmr%2F-%2Fsvelte-hmr-0.14.7.tgz",
      "integrity": "sha1-f6gmHHsiXZQJ8KhvO56lw8pvZgc=",
      "dev": true
    },
    "vite": {
      "version": "2.7.4",
      "resolved": "https://na.artifactory.swg-devops.com/artifactory/api/npm/kyn-cio-sms-sets-newco-team-npm-virtual/vite/-/vite-2.7.4.tgz?dl=https%3A%2F%2Fregistry.npmjs.org%2Fvite%2F-%2Fvite-2.7.4.tgz",
      "integrity": "sha1-BvaPiQmUP5/lgsJhILDCuFiUoF4=",
      "dev": true,
      "requires": {
        "esbuild": "^0.13.12",
        "fsevents": "~2.3.2",
        "postcss": "^8.4.5",
        "resolve": "^1.20.0",
        "rollup": "^2.59.0"
      }
    }
  }
}
